
Microsoft Visual Studio Solution File, Format Version 12.00
# Visual Studio 15
VisualStudioVersion = 15.0.26730.16
MinimumVisualStudioVersion = 10.0.40219.1
Project("{FAE04EC0-301F-11D3-BF4B-00C04F79EFBC}") = "BackPropProgram", "BackPropProgram\BackPropProgram.csproj", "{E97D30FF-5153-4566-A379-CE372E3BA90D}"
EndProject
Project("{FAE04EC0-301F-11D3-BF4B-00C04F79EFBC}") = "BackPropProgram.Tests", "BackPropProgram.Tests\BackPropProgram.Tests.csproj", "{B5E9D220-B414-416F-9897-A63A8758A01E}"
EndProject
Project("{DA7A21FA-8162-4350-AD77-A8D1B671F3ED}") = "HotellingR", "HotellingR\HotellingR.rxproj", "{3EF5374F-CFDB-46BE-891D-E9BD181E7EBC}"
EndProject
Project("{FAE04EC0-301F-11D3-BF4B-00C04F79EFBC}") = "WinApp", "WinformApp\WinApp.csproj", "{106AC230-DC5B-4615-96EE-02A794F68684}"
EndProject
Project("{FAE04EC0-301F-11D3-BF4B-00C04F79EFBC}") = "Algorithms", "Algorithms\Algorithms.csproj", "{3E0FCE76-CEF0-410D-ABF4-B89A6F9930D6}"
EndProject
Global
	GlobalSection(SolutionConfigurationPlatforms) = preSolution
		Debug|Any CPU = Debug|Any CPU
		Release|Any CPU = Release|Any CPU
	EndGlobalSection
	GlobalSection(ProjectConfigurationPlatforms) = postSolution
		{E97D30FF-5153-4566-A379-CE372E3BA90D}.Debug|Any CPU.ActiveCfg = Debug|Any CPU
		{E97D30FF-5153-4566-A379-CE372E3BA90D}.Debug|Any CPU.Build.0 = Debug|Any CPU
		{E97D30FF-5153-4566-A379-CE372E3BA90D}.Release|Any CPU.ActiveCfg = Release|Any CPU
		{E97D30FF-5153-4566-A379-CE372E3BA90D}.Release|Any CPU.Build.0 = Release|Any CPU
		{B5E9D220-B414-416F-9897-A63A8758A01E}.Debug|Any CPU.ActiveCfg = Debug|Any CPU
		{B5E9D220-B414-416F-9897-A63A8758A01E}.Debug|Any CPU.Build.0 = Debug|Any CPU
		{B5E9D220-B414-416F-9897-A63A8758A01E}.Release|Any CPU.ActiveCfg = Release|Any CPU
		{B5E9D220-B414-416F-9897-A63A8758A01E}.Release|Any CPU.Build.0 = Release|Any CPU
		{3EF5374F-CFDB-46BE-891D-E9BD181E7EBC}.Debug|Any CPU.ActiveCfg = Debug|Any CPU
		{3EF5374F-CFDB-46BE-891D-E9BD181E7EBC}.Debug|Any CPU.Build.0 = Debug|Any CPU
		{3EF5374F-CFDB-46BE-891D-E9BD181E7EBC}.Release|Any CPU.ActiveCfg = Debug|Any CPU
		{3EF5374F-CFDB-46BE-891D-E9BD181E7EBC}.Release|Any CPU.Build.0 = Debug|Any CPU
		{106AC230-DC5B-4615-96EE-02A794F68684}.Debug|Any CPU.ActiveCfg = Debug|Any CPU
		{106AC230-DC5B-4615-96EE-02A794F68684}.Debug|Any CPU.Build.0 = Debug|Any CPU
		{106AC230-DC5B-4615-96EE-02A794F68684}.Release|Any CPU.ActiveCfg = Release|Any CPU
		{106AC230-DC5B-4615-96EE-02A794F68684}.Release|Any CPU.Build.0 = Release|Any CPU
		{3E0FCE76-CEF0-410D-ABF4-B89A6F9930D6}.Debug|Any CPU.ActiveCfg = Debug|Any CPU
		{3E0FCE76-CEF0-410D-ABF4-B89A6F9930D6}.Debug|Any CPU.Build.0 = Debug|Any CPU
		{3E0FCE76-CEF0-410D-ABF4-B89A6F9930D6}.Release|Any CPU.ActiveCfg = Release|Any CPU
		{3E0FCE76-CEF0-410D-ABF4-B89A6F9930D6}.Release|Any CPU.Build.0 = Release|Any CPU
	EndGlobalSection
	GlobalSection(SolutionProperties) = preSolution
		HideSolutionNode = FALSE
	EndGlobalSection
	GlobalSection(ExtensibilityGlobals) = postSolution
		SolutionGuid = {4AD32FDD-732B-4C0E-B662-6D2D14F4BD6C}
	EndGlobalSection
EndGlobal
